
Microsoft Visual Studio Solution File, Format Version 12.00
# Visual Studio Version 16
VisualStudioVersion = 16.0.29324.140
MinimumVisualStudioVersion = 10.0.40219.1
Project("{8BC9CEB8-8B4A-11D0-8D11-00A0C91BC942}") = "7강과제-2", "7강과제-2\7강과제-2.vcxproj", "{20257FE8-3685-4BB5-B076-C7686649C5F1}"
EndProject
Global
	GlobalSection(SolutionConfigurationPlatforms) = preSolution
		Debug|x64 = Debug|x64
		Debug|x86 = Debug|x86
		Release|x64 = Release|x64
		Release|x86 = Release|x86
	EndGlobalSection
	GlobalSection(ProjectConfigurationPlatforms) = postSolution
		{20257FE8-3685-4BB5-B076-C7686649C5F1}.Debug|x64.ActiveCfg = Debug|x64
		{20257FE8-3685-4BB5-B076-C7686649C5F1}.Debug|x64.Build.0 = Debug|x64
		{20257FE8-3685-4BB5-B076-C7686649C5F1}.Debug|x86.ActiveCfg = Debug|Win32
		{20257FE8-3685-4BB5-B076-C7686649C5F1}.Debug|x86.Build.0 = Debug|Win32
		{20257FE8-3685-4BB5-B076-C7686649C5F1}.Release|x64.ActiveCfg = Release|x64
		{20257FE8-3685-4BB5-B076-C7686649C5F1}.Release|x64.Build.0 = Release|x64
		{20257FE8-3685-4BB5-B076-C7686649C5F1}.Release|x86.ActiveCfg = Release|Win32
		{20257FE8-3685-4BB5-B076-C7686649C5F1}.Release|x86.Build.0 = Release|Win32
	EndGlobalSection
	GlobalSection(SolutionProperties) = preSolution
		HideSolutionNode = FALSE
	EndGlobalSection
	GlobalSection(ExtensibilityGlobals) = postSolution
		SolutionGuid = {CD7862CB-7405-4A38-8127-37159966AA4C}
	EndGlobalSection
EndGlobal
